
Microsoft Visual Studio Solution File, Format Version 12.00
# Visual Studio Version 17
VisualStudioVersion = 17.10.35201.131
MinimumVisualStudioVersion = 10.0.40219.1
Project("{9A19103F-16F7-4668-BE54-9A1E7A4F7556}") = "EksamensProjekt", "EksamensProjekt\EksamensProjekt.csproj", "{58310800-6F24-4DCF-B18D-C644BA806756}"
EndProject
Project("{9A19103F-16F7-4668-BE54-9A1E7A4F7556}") = "ServiceLayerTest", "EksamensProjektTest\ServiceLayerTest.csproj", "{78253F33-4EC2-4E5E-BA32-4DA8255AE0F7}"
EndProject
Global
	GlobalSection(SolutionConfigurationPlatforms) = preSolution
		Debug|Any CPU = Debug|Any CPU
		Release|Any CPU = Release|Any CPU
	EndGlobalSection
	GlobalSection(ProjectConfigurationPlatforms) = postSolution
		{58310800-6F24-4DCF-B18D-C644BA806756}.Debug|Any CPU.ActiveCfg = Debug|Any CPU
		{58310800-6F24-4DCF-B18D-C644BA806756}.Debug|Any CPU.Build.0 = Debug|Any CPU
		{58310800-6F24-4DCF-B18D-C644BA806756}.Release|Any CPU.ActiveCfg = Release|Any CPU
		{58310800-6F24-4DCF-B18D-C644BA806756}.Release|Any CPU.Build.0 = Release|Any CPU
		{78253F33-4EC2-4E5E-BA32-4DA8255AE0F7}.Debug|Any CPU.ActiveCfg = Debug|Any CPU
		{78253F33-4EC2-4E5E-BA32-4DA8255AE0F7}.Debug|Any CPU.Build.0 = Debug|Any CPU
		{78253F33-4EC2-4E5E-BA32-4DA8255AE0F7}.Release|Any CPU.ActiveCfg = Release|Any CPU
		{78253F33-4EC2-4E5E-BA32-4DA8255AE0F7}.Release|Any CPU.Build.0 = Release|Any CPU
	EndGlobalSection
	GlobalSection(SolutionProperties) = preSolution
		HideSolutionNode = FALSE
	EndGlobalSection
	GlobalSection(ExtensibilityGlobals) = postSolution
		SolutionGuid = {F140BF24-A638-4102-95D4-DAA5B20D8E20}
	EndGlobalSection
EndGlobal
